
Microsoft Visual Studio Solution File, Format Version 12.00
# Visual Studio 15
VisualStudioVersion = 15.0.27703.2047
MinimumVisualStudioVersion = 10.0.40219.1
Project("{FAE04EC0-301F-11D3-BF4B-00C04F79EFBC}") = "Clase05.test", "Clase05.test\Clase05.test.csproj", "{00A425CB-4648-418F-8ACE-4184F4D4037C}"
EndProject
Global
	GlobalSection(SolutionConfigurationPlatforms) = preSolution
		Debug|Any CPU = Debug|Any CPU
		Release|Any CPU = Release|Any CPU
	EndGlobalSection
	GlobalSection(ProjectConfigurationPlatforms) = postSolution
		{00A425CB-4648-418F-8ACE-4184F4D4037C}.Debug|Any CPU.ActiveCfg = Debug|Any CPU
		{00A425CB-4648-418F-8ACE-4184F4D4037C}.Debug|Any CPU.Build.0 = Debug|Any CPU
		{00A425CB-4648-418F-8ACE-4184F4D4037C}.Release|Any CPU.ActiveCfg = Release|Any CPU
		{00A425CB-4648-418F-8ACE-4184F4D4037C}.Release|Any CPU.Build.0 = Release|Any CPU
	EndGlobalSection
	GlobalSection(SolutionProperties) = preSolution
		HideSolutionNode = FALSE
	EndGlobalSection
	GlobalSection(ExtensibilityGlobals) = postSolution
		SolutionGuid = {5D7F29A7-C4C2-494C-B6F7-4BADD72B1EDA}
	EndGlobalSection
EndGlobal
